// !$*UTF8*$!
{
	archiveVersion = 1;
	classes = {
	};
	objectVersion = 55;
	objects = {

/* Begin PBXBuildFile section */
		266BA1B6278A00D00027D4D2 /* AppDelegate.swift in Sources */ = {isa = PBXBuildFile; fileRef = 266BA1B5278A00D00027D4D2 /* AppDelegate.swift */; };
		266BA1B8278A00D00027D4D2 /* SceneDelegate.swift in Sources */ = {isa = PBXBuildFile; fileRef = 266BA1B7278A00D00027D4D2 /* SceneDelegate.swift */; };
		266BA1BA278A00D00027D4D2 /* MainViewController.swift in Sources */ = {isa = PBXBuildFile; fileRef = 266BA1B9278A00D00027D4D2 /* MainViewController.swift */; };
		266BA1BD278A00D00027D4D2 /* Main.storyboard in Resources */ = {isa = PBXBuildFile; fileRef = 266BA1BB278A00D00027D4D2 /* Main.storyboard */; };
		266BA1BF278A00D10027D4D2 /* Assets.xcassets in Resources */ = {isa = PBXBuildFile; fileRef = 266BA1BE278A00D00027D4D2 /* Assets.xcassets */; };
		266BA1C2278A00D10027D4D2 /* LaunchScreen.storyboard in Resources */ = {isa = PBXBuildFile; fileRef = 266BA1C0278A00D10027D4D2 /* LaunchScreen.storyboard */; };
		266BA1CA278A021A0027D4D2 /* Note.swift in Sources */ = {isa = PBXBuildFile; fileRef = 266BA1C9278A021A0027D4D2 /* Note.swift */; };
		266BA1CC278A05A30027D4D2 /* StorageManager.swift in Sources */ = {isa = PBXBuildFile; fileRef = 266BA1CB278A05A30027D4D2 /* StorageManager.swift */; };
		266BA1CE278A079B0027D4D2 /* DetailViewController.swift in Sources */ = {isa = PBXBuildFile; fileRef = 266BA1CD278A079B0027D4D2 /* DetailViewController.swift */; };
/* End PBXBuildFile section */

/* Begin PBXFileReference section */
		266BA1B2278A00D00027D4D2 /* Challenge74.app */ = {isa = PBXFileReference; explicitFileType = wrapper.application; includeInIndex = 0; path = Challenge74.app; sourceTree = BUILT_PRODUCTS_DIR; };
		266BA1B5278A00D00027D4D2 /* AppDelegate.swift */ = {isa = PBXFileReference; lastKnownFileType = sourcecode.swift; path = AppDelegate.swift; sourceTree = "<group>"; };
		266BA1B7278A00D00027D4D2 /* SceneDelegate.swift */ = {isa = PBXFileReference; lastKnownFileType = sourcecode.swift; path = SceneDelegate.swift; sourceTree = "<group>"; };
		266BA1B9278A00D00027D4D2 /* MainViewController.swift */ = {isa = PBXFileReference; lastKnownFileType = sourcecode.swift; path = MainViewController.swift; sourceTree = "<group>"; };
		266BA1BC278A00D00027D4D2 /* Base */ = {isa = PBXFileReference; lastKnownFileType = file.storyboard; name = Base; path = Base.lproj/Main.storyboard; sourceTree = "<group>"; };
		266BA1BE278A00D00027D4D2 /* Assets.xcassets */ = {isa = PBXFileReference; lastKnownFileType = folder.assetcatalog; path = Assets.xcassets; sourceTree = "<group>"; };
		266BA1C1278A00D10027D4D2 /* Base */ = {isa = PBXFileReference; lastKnownFileType = file.storyboard; name = Base; path = Base.lproj/LaunchScreen.storyboard; sourceTree = "<group>"; };
		266BA1C3278A00D10027D4D2 /* Info.plist */ = {isa = PBXFileReference; lastKnownFileType = text.plist.xml; path = Info.plist; sourceTree = "<group>"; };
		266BA1C9278A021A0027D4D2 /* Note.swift */ = {isa = PBXFileReference; lastKnownFileType = sourcecode.swift; path = Note.swift; sourceTree = "<group>"; };
		266BA1CB278A05A30027D4D2 /* StorageManager.swift */ = {isa = PBXFileReference; lastKnownFileType = sourcecode.swift; path = StorageManager.swift; sourceTree = "<group>"; };
		266BA1CD278A079B0027D4D2 /* DetailViewController.swift */ = {isa = PBXFileReference; lastKnownFileType = sourcecode.swift; path = DetailViewController.swift; sourceTree = "<group>"; };
/* End PBXFileReference section */

/* Begin PBXFrameworksBuildPhase section */
		266BA1AF278A00D00027D4D2 /* Frameworks */ = {
			isa = PBXFrameworksBuildPhase;
			buildActionMask = 2147483647;
			files = (
			);
			runOnlyForDeploymentPostprocessing = 0;
		};
/* End PBXFrameworksBuildPhase section */

/* Begin PBXGroup section */
		266BA1A9278A00D00027D4D2 = {
			isa = PBXGroup;
			children = (
				266BA1B4278A00D00027D4D2 /* Challenge74 */,
				266BA1B3278A00D00027D4D2 /* Products */,
			);
			sourceTree = "<group>";
		};
		266BA1B3278A00D00027D4D2 /* Products */ = {
			isa = PBXGroup;
			children = (
				266BA1B2278A00D00027D4D2 /* Challenge74.app */,
			);
			name = Products;
			sourceTree = "<group>";
		};
		266BA1B4278A00D00027D4D2 /* Challenge74 */ = {
			isa = PBXGroup;
			children = (
				266BA1B5278A00D00027D4D2 /* AppDelegate.swift */,
				266BA1B7278A00D00027D4D2 /* SceneDelegate.swift */,
				266BA1D1278A18390027D4D2 /* Controllers */,
				266BA1D2278A18480027D4D2 /* Model */,
				266BA1D0278A182D0027D4D2 /* Service */,
				266BA1CF278A0C990027D4D2 /* View */,
				266BA1BE278A00D00027D4D2 /* Assets.xcassets */,
				266BA1C3278A00D10027D4D2 /* Info.plist */,
			);
			path = Challenge74;
			sourceTree = "<group>";
		};
		266BA1CF278A0C990027D4D2 /* View */ = {
			isa = PBXGroup;
			children = (
				266BA1BB278A00D00027D4D2 /* Main.storyboard */,
				266BA1C0278A00D10027D4D2 /* LaunchScreen.storyboard */,
			);
			path = View;
			sourceTree = "<group>";
		};
		266BA1D0278A182D0027D4D2 /* Service */ = {
			isa = PBXGroup;
			children = (
				266BA1CB278A05A30027D4D2 /* StorageManager.swift */,
			);
			path = Service;
			sourceTree = "<group>";
		};
		266BA1D1278A18390027D4D2 /* Controllers */ = {
			isa = PBXGroup;
			children = (
				266BA1B9278A00D00027D4D2 /* MainViewController.swift */,
				266BA1CD278A079B0027D4D2 /* DetailViewController.swift */,
			);
			path = Controllers;
			sourceTree = "<group>";
		};
		266BA1D2278A18480027D4D2 /* Model */ = {
			isa = PBXGroup;
			children = (
				266BA1C9278A021A0027D4D2 /* Note.swift */,
			);
			path = Model;
			sourceTree = "<group>";
		};
/* End PBXGroup section */

/* Begin PBXNativeTarget section */
		266BA1B1278A00D00027D4D2 /* Challenge74 */ = {
			isa = PBXNativeTarget;
			buildConfigurationList = 266BA1C6278A00D10027D4D2 /* Build configuration list for PBXNativeTarget "Challenge74" */;
			buildPhases = (
				266BA1AE278A00D00027D4D2 /* Sources */,
				266BA1AF278A00D00027D4D2 /* Frameworks */,
				266BA1B0278A00D00027D4D2 /* Resources */,
			);
			buildRules = (
			);
			dependencies = (
			);
			name = Challenge74;
			productName = Challenge74;
			productReference = 266BA1B2278A00D00027D4D2 /* Challenge74.app */;
			productType = "com.apple.product-type.application";
		};
/* End PBXNativeTarget section */

/* Begin PBXProject section */
		266BA1AA278A00D00027D4D2 /* Project object */ = {
			isa = PBXProject;
			attributes = {
				BuildIndependentTargetsInParallel = 1;
				LastSwiftUpdateCheck = 1320;
				LastUpgradeCheck = 1320;
				TargetAttributes = {
					266BA1B1278A00D00027D4D2 = {
						CreatedOnToolsVersion = 13.2.1;
					};
				};
			};
			buildConfigurationList = 266BA1AD278A00D00027D4D2 /* Build configuration list for PBXProject "Challenge74" */;
			compatibilityVersion = "Xcode 13.0";
			developmentRegion = en;
			hasScannedForEncodings = 0;
			knownRegions = (
				en,
				Base,
			);
			mainGroup = 266BA1A9278A00D00027D4D2;
			productRefGroup = 266BA1B3278A00D00027D4D2 /* Products */;
			projectDirPath = "";
			projectRoot = "";
			targets = (
				266BA1B1278A00D00027D4D2 /* Challenge74 */,
			);
		};
/* End PBXProject section */

/* Begin PBXResourcesBuildPhase section */
		266BA1B0278A00D00027D4D2 /* Resources */ = {
			isa = PBXResourcesBuildPhase;
			buildActionMask = 2147483647;
			files = (
				266BA1C2278A00D10027D4D2 /* LaunchScreen.storyboard in Resources */,
				266BA1BF278A00D10027D4D2 /* Assets.xcassets in Resources */,
				266BA1BD278A00D00027D4D2 /* Main.storyboard in Resources */,
			);
			runOnlyForDeploymentPostprocessing = 0;
		};
/* End PBXResourcesBuildPhase section */

/* Begin PBXSourcesBuildPhase section */
		266BA1AE278A00D00027D4D2 /* Sources */ = {
			isa = PBXSourcesBuildPhase;
			buildActionMask = 2147483647;
			files = (
				266BA1BA278A00D00027D4D2 /* MainViewController.swift in Sources */,
				266BA1B6278A00D00027D4D2 /* AppDelegate.swift in Sources */,
				266BA1CC278A05A30027D4D2 /* StorageManager.swift in Sources */,
				266BA1CE278A079B0027D4D2 /* DetailViewController.swift in Sources */,
				266BA1B8278A00D00027D4D2 /* SceneDelegate.swift in Sources */,
				266BA1CA278A021A0027D4D2 /* Note.swift in Sources */,
			);
			runOnlyForDeploymentPostprocessing = 0;
		};
/* End PBXSourcesBuildPhase section */

/* Begin PBXVariantGroup section */
		266BA1BB278A00D00027D4D2 /* Main.storyboard */ = {
			isa = PBXVariantGroup;
			children = (
				266BA1BC278A00D00027D4D2 /* Base */,
			);
			name = Main.storyboard;
			sourceTree = "<group>";
		};
		266BA1C0278A00D10027D4D2 /* LaunchScreen.storyboard */ = {
			isa = PBXVariantGroup;
			children = (
				266BA1C1278A00D10027D4D2 /* Base */,
			);
			name = LaunchScreen.storyboard;
			sourceTree = "<group>";
		};
/* End PBXVariantGroup section */

/* Begin XCBuildConfiguration section */
		266BA1C4278A00D10027D4D2 /* Debug */ = {
			isa = XCBuildConfiguration;
			buildSettings = {
				ALWAYS_SEARCH_USER_PATHS = NO;
				CLANG_ANALYZER_NONNULL = YES;
				CLANG_ANALYZER_NUMBER_OBJECT_CONVERSION = YES_AGGRESSIVE;
				CLANG_CXX_LANGUAGE_STANDARD = "gnu++17";
				CLANG_CXX_LIBRARY = "libc++";
				CLANG_ENABLE_MODULES = YES;
				CLANG_ENABLE_OBJC_ARC = YES;
				CLANG_ENABLE_OBJC_WEAK = YES;
				CLANG_WARN_BLOCK_CAPTURE_AUTORELEASING = YES;
				CLANG_WARN_BOOL_CONVERSION = YES;
				CLANG_WARN_COMMA = YES;
				CLANG_WARN_CONSTANT_CONVERSION = YES;
				CLANG_WARN_DEPRECATED_OBJC_IMPLEMENTATIONS = YES;
				CLANG_WARN_DIRECT_OBJC_ISA_USAGE = YES_ERROR;
				CLANG_WARN_DOCUMENTATION_COMMENTS = YES;
				CLANG_WARN_EMPTY_BODY = YES;
				CLANG_WARN_ENUM_CONVERSION = YES;
				CLANG_WARN_INFINITE_RECURSION = YES;
				CLANG_WARN_INT_CONVERSION = YES;
				CLANG_WARN_NON_LITERAL_NULL_CONVERSION = YES;
				CLANG_WARN_OBJC_IMPLICIT_RETAIN_SELF = YES;
				CLANG_WARN_OBJC_LITERAL_CONVERSION = YES;
				CLANG_WARN_OBJC_ROOT_CLASS = YES_ERROR;
				CLANG_WARN_QUOTED_INCLUDE_IN_FRAMEWORK_HEADER = YES;
				CLANG_WARN_RANGE_LOOP_ANALYSIS = YES;
				CLANG_WARN_STRICT_PROTOTYPES = YES;
				CLANG_WARN_SUSPICIOUS_MOVE = YES;
				CLANG_WARN_UNGUARDED_AVAILABILITY = YES_AGGRESSIVE;
				CLANG_WARN_UNREACHABLE_CODE = YES;
				CLANG_WARN__DUPLICATE_METHOD_MATCH = YES;
				COPY_PHASE_STRIP = NO;
				DEBUG_INFORMATION_FORMAT = dwarf;
				ENABLE_STRICT_OBJC_MSGSEND = YES;
				ENABLE_TESTABILITY = YES;
				GCC_C_LANGUAGE_STANDARD = gnu11;
				GCC_DYNAMIC_NO_PIC = NO;
				GCC_NO_COMMON_BLOCKS = YES;
				GCC_OPTIMIZATION_LEVEL = 0;
				GCC_PREPROCESSOR_DEFINITIONS = (
					"DEBUG=1",
					"$(inherited)",
				);
				GCC_WARN_64_TO_32_BIT_CONVERSION = YES;
				GCC_WARN_ABOUT_RETURN_TYPE = YES_ERROR;
				GCC_WARN_UNDECLARED_SELECTOR = YES;
				GCC_WARN_UNINITIALIZED_AUTOS = YES_AGGRESSIVE;
				GCC_WARN_UNUSED_FUNCTION = YES;
				GCC_WARN_UNUSED_VARIABLE = YES;
				IPHONEOS_DEPLOYMENT_TARGET = 15.2;
				MTL_ENABLE_DEBUG_INFO = INCLUDE_SOURCE;
				MTL_FAST_MATH = YES;
				ONLY_ACTIVE_ARCH = YES;
				SDKROOT = iphoneos;
				SWIFT_ACTIVE_COMPILATION_CONDITIONS = DEBUG;
				SWIFT_OPTIMIZATION_LEVEL = "-Onone";
			};
			name = Debug;
		};
		266BA1C5278A00D10027D4D2 /* Release */ = {
			isa = XCBuildConfiguration;
			buildSettings = {
				ALWAYS_SEARCH_USER_PATHS = NO;
				CLANG_ANALYZER_NONNULL = YES;
				CLANG_ANALYZER_NUMBER_OBJECT_CONVERSION = YES_AGGRESSIVE;
				CLANG_CXX_LANGUAGE_STANDARD = "gnu++17";
				CLANG_CXX_LIBRARY = "libc++";
				CLANG_ENABLE_MODULES = YES;
				CLANG_ENABLE_OBJC_ARC = YES;
				CLANG_ENABLE_OBJC_WEAK = YES;
				CLANG_WARN_BLOCK_CAPTURE_AUTORELEASING = YES;
				CLANG_WARN_BOOL_CONVERSION = YES;
				CLANG_WARN_COMMA = YES;
				CLANG_WARN_CONSTANT_CONVERSION = YES;
				CLANG_WARN_DEPRECATED_OBJC_IMPLEMENTATIONS = YES;
				CLANG_WARN_DIRECT_OBJC_ISA_USAGE = YES_ERROR;
				CLANG_WARN_DOCUMENTATION_COMMENTS = YES;
				CLANG_WARN_EMPTY_BODY = YES;
				CLANG_WARN_ENUM_CONVERSION = YES;
				CLANG_WARN_INFINITE_RECURSION = YES;
				CLANG_WARN_INT_CONVERSION = YES;
				CLANG_WARN_NON_LITERAL_NULL_CONVERSION = YES;
				CLANG_WARN_OBJC_IMPLICIT_RETAIN_SELF = YES;
				CLANG_WARN_OBJC_LITERAL_CONVERSION = YES;
				CLANG_WARN_OBJC_ROOT_CLASS = YES_ERROR;
				CLANG_WARN_QUOTED_INCLUDE_IN_FRAMEWORK_HEADER = YES;
				CLANG_WARN_RANGE_LOOP_ANALYSIS = YES;
				CLANG_WARN_STRICT_PROTOTYPES = YES;
				CLANG_WARN_SUSPICIOUS_MOVE = YES;
				CLANG_WARN_UNGUARDED_AVAILABILITY = YES_AGGRESSIVE;
				CLANG_WARN_UNREACHABLE_CODE = YES;
				CLANG_WARN__DUPLICATE_METHOD_MATCH = YES;
				COPY_PHASE_STRIP = NO;
				DEBUG_INFORMATION_FORMAT = "dwarf-with-dsym";
				ENABLE_NS_ASSERTIONS = NO;
				ENABLE_STRICT_OBJC_MSGSEND = YES;
				GCC_C_LANGUAGE_STANDARD = gnu11;
				GCC_NO_COMMON_BLOCKS = YES;
				GCC_WARN_64_TO_32_BIT_CONVERSION = YES;
				GCC_WARN_ABOUT_RETURN_TYPE = YES_ERROR;
				GCC_WARN_UNDECLARED_SELECTOR = YES;
				GCC_WARN_UNINITIALIZED_AUTOS = YES_AGGRESSIVE;
				GCC_WARN_UNUSED_FUNCTION = YES;
				GCC_WARN_UNUSED_VARIABLE = YES;
				IPHONEOS_DEPLOYMENT_TARGET = 15.2;
				MTL_ENABLE_DEBUG_INFO = NO;
				MTL_FAST_MATH = YES;
				SDKROOT = iphoneos;
				SWIFT_COMPILATION_MODE = wholemodule;
				SWIFT_OPTIMIZATION_LEVEL = "-O";
				VALIDATE_PRODUCT = YES;
			};
			name = Release;
		};
		266BA1C7278A00D10027D4D2 /* Debug */ = {
			isa = XCBuildConfiguration;
			buildSettings = {
				ASSETCATALOG_COMPILER_APPICON_NAME = AppIcon;
				ASSETCATALOG_COMPILER_GLOBAL_ACCENT_COLOR_NAME = AccentColor;
				CODE_SIGN_STYLE = Automatic;
				CURRENT_PROJECT_VERSION = 1;
				DEVELOPMENT_TEAM = JY397TSSA8;
				GENERATE_INFOPLIST_FILE = YES;
				INFOPLIST_FILE = Challenge74/Info.plist;
				INFOPLIST_KEY_UIApplicationSupportsIndirectInputEvents = YES;
				INFOPLIST_KEY_UILaunchStoryboardName = LaunchScreen;
				INFOPLIST_KEY_UIMainStoryboardFile = Main;
				INFOPLIST_KEY_UISupportedInterfaceOrientations_iPad = "UIInterfaceOrientationPortrait UIInterfaceOrientationPortraitUpsideDown UIInterfaceOrientationLandscapeLeft UIInterfaceOrientationLandscapeRight";
				INFOPLIST_KEY_UISupportedInterfaceOrientations_iPhone = "UIInterfaceOrientationPortrait UIInterfaceOrientationLandscapeLeft UIInterfaceOrientationLandscapeRight";
				LD_RUNPATH_SEARCH_PATHS = (
					"$(inherited)",
					"@executable_path/Frameworks",
				);
				MARKETING_VERSION = 1.0;
				PRODUCT_BUNDLE_IDENTIFIER = JohnnyT38.Challenge74;
				PRODUCT_NAME = "$(TARGET_NAME)";
				SWIFT_EMIT_LOC_STRINGS = YES;
				SWIFT_VERSION = 5.0;
				TARGETED_DEVICE_FAMILY = "1,2";
			};
			name = Debug;
		};
		266BA1C8278A00D10027D4D2 /* Release */ = {
			isa = XCBuildConfiguration;
			buildSettings = {
				ASSETCATALOG_COMPILER_APPICON_NAME = AppIcon;
				ASSETCATALOG_COMPILER_GLOBAL_ACCENT_COLOR_NAME = AccentColor;
				CODE_SIGN_STYLE = Automatic;
				CURRENT_PROJECT_VERSION = 1;
				DEVELOPMENT_TEAM = JY397TSSA8;
				GENERATE_INFOPLIST_FILE = YES;
				INFOPLIST_FILE = Challenge74/Info.plist;
				INFOPLIST_KEY_UIApplicationSupportsIndirectInputEvents = YES;
				INFOPLIST_KEY_UILaunchStoryboardName = LaunchScreen;
				INFOPLIST_KEY_UIMainStoryboardFile = Main;
				INFOPLIST_KEY_UISupportedInterfaceOrientations_iPad = "UIInterfaceOrientationPortrait UIInterfaceOrientationPortraitUpsideDown UIInterfaceOrientationLandscapeLeft UIInterfaceOrientationLandscapeRight";
				INFOPLIST_KEY_UISupportedInterfaceOrientations_iPhone = "UIInterfaceOrientationPortrait UIInterfaceOrientationLandscapeLeft UIInterfaceOrientationLandscapeRight";
				LD_RUNPATH_SEARCH_PATHS = (
					"$(inherited)",
					"@executable_path/Frameworks",
				);
				MARKETING_VERSION = 1.0;
				PRODUCT_BUNDLE_IDENTIFIER = JohnnyT38.Challenge74;
				PRODUCT_NAME = "$(TARGET_NAME)";
				SWIFT_EMIT_LOC_STRINGS = YES;
				SWIFT_VERSION = 5.0;
				TARGETED_DEVICE_FAMILY = "1,2";
			};
			name = Release;
		};
/* End XCBuildConfiguration section */

/* Begin XCConfigurationList section */
		266BA1AD278A00D00027D4D2 /* Build configuration list for PBXProject "Challenge74" */ = {
			isa = XCConfigurationList;
			buildConfigurations = (
				266BA1C4278A00D10027D4D2 /* Debug */,
				266BA1C5278A00D10027D4D2 /* Release */,
			);
			defaultConfigurationIsVisible = 0;
			defaultConfigurationName = Release;
		};
		266BA1C6278A00D10027D4D2 /* Build configuration list for PBXNativeTarget "Challenge74" */ = {
			isa = XCConfigurationList;
			buildConfigurations = (
				266BA1C7278A00D10027D4D2 /* Debug */,
				266BA1C8278A00D10027D4D2 /* Release */,
			);
			defaultConfigurationIsVisible = 0;
			defaultConfigurationName = Release;
		};
/* End XCConfigurationList section */
	};
	rootObject = 266BA1AA278A00D00027D4D2 /* Project object */;
}
