// !$*UTF8*$!
{
	archiveVersion = 1;
	classes = {
	};
	objectVersion = 55;
	objects = {

/* Begin PBXBuildFile section */
		260F2DC82755581900766223 /* AppDelegate.swift in Sources */ = {isa = PBXBuildFile; fileRef = 260F2DC72755581900766223 /* AppDelegate.swift */; };
		260F2DCA2755581900766223 /* SceneDelegate.swift in Sources */ = {isa = PBXBuildFile; fileRef = 260F2DC92755581900766223 /* SceneDelegate.swift */; };
		260F2DCC2755581900766223 /* ViewController.swift in Sources */ = {isa = PBXBuildFile; fileRef = 260F2DCB2755581900766223 /* ViewController.swift */; };
		260F2DCF2755581900766223 /* Main.storyboard in Resources */ = {isa = PBXBuildFile; fileRef = 260F2DCD2755581900766223 /* Main.storyboard */; };
		260F2DD12755581A00766223 /* Assets.xcassets in Resources */ = {isa = PBXBuildFile; fileRef = 260F2DD02755581A00766223 /* Assets.xcassets */; };
		260F2DD42755581A00766223 /* LaunchScreen.storyboard in Resources */ = {isa = PBXBuildFile; fileRef = 260F2DD22755581A00766223 /* LaunchScreen.storyboard */; };
		260F2DDC275558B500766223 /* Country.swift in Sources */ = {isa = PBXBuildFile; fileRef = 260F2DDB275558B500766223 /* Country.swift */; };
		260F2DE42755763500766223 /* Countries.swift in Sources */ = {isa = PBXBuildFile; fileRef = 260F2DE32755763500766223 /* Countries.swift */; };
		260F2DE627557D1800766223 /* DetailViewController.swift in Sources */ = {isa = PBXBuildFile; fileRef = 260F2DE527557D1800766223 /* DetailViewController.swift */; };
		260F2DE827557E5000766223 /* CountryDetail.swift in Sources */ = {isa = PBXBuildFile; fileRef = 260F2DE727557E4F00766223 /* CountryDetail.swift */; };
		260F2DEA275582D300766223 /* CountryInfo.swift in Sources */ = {isa = PBXBuildFile; fileRef = 260F2DE9275582D300766223 /* CountryInfo.swift */; };
/* End PBXBuildFile section */

/* Begin PBXFileReference section */
		260F2DC42755581900766223 /* covidAPI.app */ = {isa = PBXFileReference; explicitFileType = wrapper.application; includeInIndex = 0; path = covidAPI.app; sourceTree = BUILT_PRODUCTS_DIR; };
		260F2DC72755581900766223 /* AppDelegate.swift */ = {isa = PBXFileReference; lastKnownFileType = sourcecode.swift; path = AppDelegate.swift; sourceTree = "<group>"; };
		260F2DC92755581900766223 /* SceneDelegate.swift */ = {isa = PBXFileReference; lastKnownFileType = sourcecode.swift; path = SceneDelegate.swift; sourceTree = "<group>"; };
		260F2DCB2755581900766223 /* ViewController.swift */ = {isa = PBXFileReference; lastKnownFileType = sourcecode.swift; path = ViewController.swift; sourceTree = "<group>"; };
		260F2DCE2755581900766223 /* Base */ = {isa = PBXFileReference; lastKnownFileType = file.storyboard; name = Base; path = Base.lproj/Main.storyboard; sourceTree = "<group>"; };
		260F2DD02755581A00766223 /* Assets.xcassets */ = {isa = PBXFileReference; lastKnownFileType = folder.assetcatalog; path = Assets.xcassets; sourceTree = "<group>"; };
		260F2DD32755581A00766223 /* Base */ = {isa = PBXFileReference; lastKnownFileType = file.storyboard; name = Base; path = Base.lproj/LaunchScreen.storyboard; sourceTree = "<group>"; };
		260F2DD52755581A00766223 /* Info.plist */ = {isa = PBXFileReference; lastKnownFileType = text.plist.xml; path = Info.plist; sourceTree = "<group>"; };
		260F2DDB275558B500766223 /* Country.swift */ = {isa = PBXFileReference; lastKnownFileType = sourcecode.swift; path = Country.swift; sourceTree = "<group>"; };
		260F2DE32755763500766223 /* Countries.swift */ = {isa = PBXFileReference; lastKnownFileType = sourcecode.swift; path = Countries.swift; sourceTree = "<group>"; };
		260F2DE527557D1800766223 /* DetailViewController.swift */ = {isa = PBXFileReference; lastKnownFileType = sourcecode.swift; path = DetailViewController.swift; sourceTree = "<group>"; };
		260F2DE727557E4F00766223 /* CountryDetail.swift */ = {isa = PBXFileReference; lastKnownFileType = sourcecode.swift; path = CountryDetail.swift; sourceTree = "<group>"; };
		260F2DE9275582D300766223 /* CountryInfo.swift */ = {isa = PBXFileReference; lastKnownFileType = sourcecode.swift; path = CountryInfo.swift; sourceTree = "<group>"; };
/* End PBXFileReference section */

/* Begin PBXFrameworksBuildPhase section */
		260F2DC12755581900766223 /* Frameworks */ = {
			isa = PBXFrameworksBuildPhase;
			buildActionMask = 2147483647;
			files = (
			);
			runOnlyForDeploymentPostprocessing = 0;
		};
/* End PBXFrameworksBuildPhase section */

/* Begin PBXGroup section */
		260F2DBB2755581900766223 = {
			isa = PBXGroup;
			children = (
				260F2DC62755581900766223 /* covidAPI */,
				260F2DC52755581900766223 /* Products */,
			);
			sourceTree = "<group>";
		};
		260F2DC52755581900766223 /* Products */ = {
			isa = PBXGroup;
			children = (
				260F2DC42755581900766223 /* covidAPI.app */,
			);
			name = Products;
			sourceTree = "<group>";
		};
		260F2DC62755581900766223 /* covidAPI */ = {
			isa = PBXGroup;
			children = (
				260F2DC72755581900766223 /* AppDelegate.swift */,
				260F2DC92755581900766223 /* SceneDelegate.swift */,
				260F2DCB2755581900766223 /* ViewController.swift */,
				260F2DE527557D1800766223 /* DetailViewController.swift */,
				260F2DCD2755581900766223 /* Main.storyboard */,
				260F2DD02755581A00766223 /* Assets.xcassets */,
				260F2DD22755581A00766223 /* LaunchScreen.storyboard */,
				260F2DD52755581A00766223 /* Info.plist */,
				260F2DE32755763500766223 /* Countries.swift */,
				260F2DDB275558B500766223 /* Country.swift */,
				260F2DE727557E4F00766223 /* CountryDetail.swift */,
				260F2DE9275582D300766223 /* CountryInfo.swift */,
			);
			path = covidAPI;
			sourceTree = "<group>";
		};
/* End PBXGroup section */

/* Begin PBXNativeTarget section */
		260F2DC32755581900766223 /* covidAPI */ = {
			isa = PBXNativeTarget;
			buildConfigurationList = 260F2DD82755581A00766223 /* Build configuration list for PBXNativeTarget "covidAPI" */;
			buildPhases = (
				260F2DC02755581900766223 /* Sources */,
				260F2DC12755581900766223 /* Frameworks */,
				260F2DC22755581900766223 /* Resources */,
			);
			buildRules = (
			);
			dependencies = (
			);
			name = covidAPI;
			productName = covidAPI;
			productReference = 260F2DC42755581900766223 /* covidAPI.app */;
			productType = "com.apple.product-type.application";
		};
/* End PBXNativeTarget section */

/* Begin PBXProject section */
		260F2DBC2755581900766223 /* Project object */ = {
			isa = PBXProject;
			attributes = {
				BuildIndependentTargetsInParallel = 1;
				LastSwiftUpdateCheck = 1310;
				LastUpgradeCheck = 1310;
				TargetAttributes = {
					260F2DC32755581900766223 = {
						CreatedOnToolsVersion = 13.1;
					};
				};
			};
			buildConfigurationList = 260F2DBF2755581900766223 /* Build configuration list for PBXProject "covidAPI" */;
			compatibilityVersion = "Xcode 13.0";
			developmentRegion = en;
			hasScannedForEncodings = 0;
			knownRegions = (
				en,
				Base,
			);
			mainGroup = 260F2DBB2755581900766223;
			productRefGroup = 260F2DC52755581900766223 /* Products */;
			projectDirPath = "";
			projectRoot = "";
			targets = (
				260F2DC32755581900766223 /* covidAPI */,
			);
		};
/* End PBXProject section */

/* Begin PBXResourcesBuildPhase section */
		260F2DC22755581900766223 /* Resources */ = {
			isa = PBXResourcesBuildPhase;
			buildActionMask = 2147483647;
			files = (
				260F2DD42755581A00766223 /* LaunchScreen.storyboard in Resources */,
				260F2DD12755581A00766223 /* Assets.xcassets in Resources */,
				260F2DCF2755581900766223 /* Main.storyboard in Resources */,
			);
			runOnlyForDeploymentPostprocessing = 0;
		};
/* End PBXResourcesBuildPhase section */

/* Begin PBXSourcesBuildPhase section */
		260F2DC02755581900766223 /* Sources */ = {
			isa = PBXSourcesBuildPhase;
			buildActionMask = 2147483647;
			files = (
				260F2DDC275558B500766223 /* Country.swift in Sources */,
				260F2DCC2755581900766223 /* ViewController.swift in Sources */,
				260F2DC82755581900766223 /* AppDelegate.swift in Sources */,
				260F2DE627557D1800766223 /* DetailViewController.swift in Sources */,
				260F2DEA275582D300766223 /* CountryInfo.swift in Sources */,
				260F2DE827557E5000766223 /* CountryDetail.swift in Sources */,
				260F2DE42755763500766223 /* Countries.swift in Sources */,
				260F2DCA2755581900766223 /* SceneDelegate.swift in Sources */,
			);
			runOnlyForDeploymentPostprocessing = 0;
		};
/* End PBXSourcesBuildPhase section */

/* Begin PBXVariantGroup section */
		260F2DCD2755581900766223 /* Main.storyboard */ = {
			isa = PBXVariantGroup;
			children = (
				260F2DCE2755581900766223 /* Base */,
			);
			name = Main.storyboard;
			sourceTree = "<group>";
		};
		260F2DD22755581A00766223 /* LaunchScreen.storyboard */ = {
			isa = PBXVariantGroup;
			children = (
				260F2DD32755581A00766223 /* Base */,
			);
			name = LaunchScreen.storyboard;
			sourceTree = "<group>";
		};
/* End PBXVariantGroup section */

/* Begin XCBuildConfiguration section */
		260F2DD62755581A00766223 /* Debug */ = {
			isa = XCBuildConfiguration;
			buildSettings = {
				ALWAYS_SEARCH_USER_PATHS = NO;
				CLANG_ANALYZER_NONNULL = YES;
				CLANG_ANALYZER_NUMBER_OBJECT_CONVERSION = YES_AGGRESSIVE;
				CLANG_CXX_LANGUAGE_STANDARD = "gnu++17";
				CLANG_CXX_LIBRARY = "libc++";
				CLANG_ENABLE_MODULES = YES;
				CLANG_ENABLE_OBJC_ARC = YES;
				CLANG_ENABLE_OBJC_WEAK = YES;
				CLANG_WARN_BLOCK_CAPTURE_AUTORELEASING = YES;
				CLANG_WARN_BOOL_CONVERSION = YES;
				CLANG_WARN_COMMA = YES;
				CLANG_WARN_CONSTANT_CONVERSION = YES;
				CLANG_WARN_DEPRECATED_OBJC_IMPLEMENTATIONS = YES;
				CLANG_WARN_DIRECT_OBJC_ISA_USAGE = YES_ERROR;
				CLANG_WARN_DOCUMENTATION_COMMENTS = YES;
				CLANG_WARN_EMPTY_BODY = YES;
				CLANG_WARN_ENUM_CONVERSION = YES;
				CLANG_WARN_INFINITE_RECURSION = YES;
				CLANG_WARN_INT_CONVERSION = YES;
				CLANG_WARN_NON_LITERAL_NULL_CONVERSION = YES;
				CLANG_WARN_OBJC_IMPLICIT_RETAIN_SELF = YES;
				CLANG_WARN_OBJC_LITERAL_CONVERSION = YES;
				CLANG_WARN_OBJC_ROOT_CLASS = YES_ERROR;
				CLANG_WARN_QUOTED_INCLUDE_IN_FRAMEWORK_HEADER = YES;
				CLANG_WARN_RANGE_LOOP_ANALYSIS = YES;
				CLANG_WARN_STRICT_PROTOTYPES = YES;
				CLANG_WARN_SUSPICIOUS_MOVE = YES;
				CLANG_WARN_UNGUARDED_AVAILABILITY = YES_AGGRESSIVE;
				CLANG_WARN_UNREACHABLE_CODE = YES;
				CLANG_WARN__DUPLICATE_METHOD_MATCH = YES;
				COPY_PHASE_STRIP = NO;
				DEBUG_INFORMATION_FORMAT = dwarf;
				ENABLE_STRICT_OBJC_MSGSEND = YES;
				ENABLE_TESTABILITY = YES;
				GCC_C_LANGUAGE_STANDARD = gnu11;
				GCC_DYNAMIC_NO_PIC = NO;
				GCC_NO_COMMON_BLOCKS = YES;
				GCC_OPTIMIZATION_LEVEL = 0;
				GCC_PREPROCESSOR_DEFINITIONS = (
					"DEBUG=1",
					"$(inherited)",
				);
				GCC_WARN_64_TO_32_BIT_CONVERSION = YES;
				GCC_WARN_ABOUT_RETURN_TYPE = YES_ERROR;
				GCC_WARN_UNDECLARED_SELECTOR = YES;
				GCC_WARN_UNINITIALIZED_AUTOS = YES_AGGRESSIVE;
				GCC_WARN_UNUSED_FUNCTION = YES;
				GCC_WARN_UNUSED_VARIABLE = YES;
				IPHONEOS_DEPLOYMENT_TARGET = 15.0;
				MTL_ENABLE_DEBUG_INFO = INCLUDE_SOURCE;
				MTL_FAST_MATH = YES;
				ONLY_ACTIVE_ARCH = YES;
				SDKROOT = iphoneos;
				SWIFT_ACTIVE_COMPILATION_CONDITIONS = DEBUG;
				SWIFT_OPTIMIZATION_LEVEL = "-Onone";
			};
			name = Debug;
		};
		260F2DD72755581A00766223 /* Release */ = {
			isa = XCBuildConfiguration;
			buildSettings = {
				ALWAYS_SEARCH_USER_PATHS = NO;
				CLANG_ANALYZER_NONNULL = YES;
				CLANG_ANALYZER_NUMBER_OBJECT_CONVERSION = YES_AGGRESSIVE;
				CLANG_CXX_LANGUAGE_STANDARD = "gnu++17";
				CLANG_CXX_LIBRARY = "libc++";
				CLANG_ENABLE_MODULES = YES;
				CLANG_ENABLE_OBJC_ARC = YES;
				CLANG_ENABLE_OBJC_WEAK = YES;
				CLANG_WARN_BLOCK_CAPTURE_AUTORELEASING = YES;
				CLANG_WARN_BOOL_CONVERSION = YES;
				CLANG_WARN_COMMA = YES;
				CLANG_WARN_CONSTANT_CONVERSION = YES;
				CLANG_WARN_DEPRECATED_OBJC_IMPLEMENTATIONS = YES;
				CLANG_WARN_DIRECT_OBJC_ISA_USAGE = YES_ERROR;
				CLANG_WARN_DOCUMENTATION_COMMENTS = YES;
				CLANG_WARN_EMPTY_BODY = YES;
				CLANG_WARN_ENUM_CONVERSION = YES;
				CLANG_WARN_INFINITE_RECURSION = YES;
				CLANG_WARN_INT_CONVERSION = YES;
				CLANG_WARN_NON_LITERAL_NULL_CONVERSION = YES;
				CLANG_WARN_OBJC_IMPLICIT_RETAIN_SELF = YES;
				CLANG_WARN_OBJC_LITERAL_CONVERSION = YES;
				CLANG_WARN_OBJC_ROOT_CLASS = YES_ERROR;
				CLANG_WARN_QUOTED_INCLUDE_IN_FRAMEWORK_HEADER = YES;
				CLANG_WARN_RANGE_LOOP_ANALYSIS = YES;
				CLANG_WARN_STRICT_PROTOTYPES = YES;
				CLANG_WARN_SUSPICIOUS_MOVE = YES;
				CLANG_WARN_UNGUARDED_AVAILABILITY = YES_AGGRESSIVE;
				CLANG_WARN_UNREACHABLE_CODE = YES;
				CLANG_WARN__DUPLICATE_METHOD_MATCH = YES;
				COPY_PHASE_STRIP = NO;
				DEBUG_INFORMATION_FORMAT = "dwarf-with-dsym";
				ENABLE_NS_ASSERTIONS = NO;
				ENABLE_STRICT_OBJC_MSGSEND = YES;
				GCC_C_LANGUAGE_STANDARD = gnu11;
				GCC_NO_COMMON_BLOCKS = YES;
				GCC_WARN_64_TO_32_BIT_CONVERSION = YES;
				GCC_WARN_ABOUT_RETURN_TYPE = YES_ERROR;
				GCC_WARN_UNDECLARED_SELECTOR = YES;
				GCC_WARN_UNINITIALIZED_AUTOS = YES_AGGRESSIVE;
				GCC_WARN_UNUSED_FUNCTION = YES;
				GCC_WARN_UNUSED_VARIABLE = YES;
				IPHONEOS_DEPLOYMENT_TARGET = 15.0;
				MTL_ENABLE_DEBUG_INFO = NO;
				MTL_FAST_MATH = YES;
				SDKROOT = iphoneos;
				SWIFT_COMPILATION_MODE = wholemodule;
				SWIFT_OPTIMIZATION_LEVEL = "-O";
				VALIDATE_PRODUCT = YES;
			};
			name = Release;
		};
		260F2DD92755581A00766223 /* Debug */ = {
			isa = XCBuildConfiguration;
			buildSettings = {
				ASSETCATALOG_COMPILER_APPICON_NAME = AppIcon;
				ASSETCATALOG_COMPILER_GLOBAL_ACCENT_COLOR_NAME = AccentColor;
				CODE_SIGN_STYLE = Automatic;
				CURRENT_PROJECT_VERSION = 1;
				DEVELOPMENT_TEAM = JY397TSSA8;
				GENERATE_INFOPLIST_FILE = YES;
				INFOPLIST_FILE = covidAPI/Info.plist;
				INFOPLIST_KEY_UIApplicationSupportsIndirectInputEvents = YES;
				INFOPLIST_KEY_UILaunchStoryboardName = LaunchScreen;
				INFOPLIST_KEY_UIMainStoryboardFile = Main;
				INFOPLIST_KEY_UISupportedInterfaceOrientations_iPad = "UIInterfaceOrientationPortrait UIInterfaceOrientationPortraitUpsideDown UIInterfaceOrientationLandscapeLeft UIInterfaceOrientationLandscapeRight";
				INFOPLIST_KEY_UISupportedInterfaceOrientations_iPhone = "UIInterfaceOrientationPortrait UIInterfaceOrientationLandscapeLeft UIInterfaceOrientationLandscapeRight";
				LD_RUNPATH_SEARCH_PATHS = (
					"$(inherited)",
					"@executable_path/Frameworks",
				);
				MARKETING_VERSION = 1.0;
				PRODUCT_BUNDLE_IDENTIFIER = JohnnyT38.covidAPI;
				PRODUCT_NAME = "$(TARGET_NAME)";
				SWIFT_EMIT_LOC_STRINGS = YES;
				SWIFT_VERSION = 5.0;
				TARGETED_DEVICE_FAMILY = "1,2";
			};
			name = Debug;
		};
		260F2DDA2755581A00766223 /* Release */ = {
			isa = XCBuildConfiguration;
			buildSettings = {
				ASSETCATALOG_COMPILER_APPICON_NAME = AppIcon;
				ASSETCATALOG_COMPILER_GLOBAL_ACCENT_COLOR_NAME = AccentColor;
				CODE_SIGN_STYLE = Automatic;
				CURRENT_PROJECT_VERSION = 1;
				DEVELOPMENT_TEAM = JY397TSSA8;
				GENERATE_INFOPLIST_FILE = YES;
				INFOPLIST_FILE = covidAPI/Info.plist;
				INFOPLIST_KEY_UIApplicationSupportsIndirectInputEvents = YES;
				INFOPLIST_KEY_UILaunchStoryboardName = LaunchScreen;
				INFOPLIST_KEY_UIMainStoryboardFile = Main;
				INFOPLIST_KEY_UISupportedInterfaceOrientations_iPad = "UIInterfaceOrientationPortrait UIInterfaceOrientationPortraitUpsideDown UIInterfaceOrientationLandscapeLeft UIInterfaceOrientationLandscapeRight";
				INFOPLIST_KEY_UISupportedInterfaceOrientations_iPhone = "UIInterfaceOrientationPortrait UIInterfaceOrientationLandscapeLeft UIInterfaceOrientationLandscapeRight";
				LD_RUNPATH_SEARCH_PATHS = (
					"$(inherited)",
					"@executable_path/Frameworks",
				);
				MARKETING_VERSION = 1.0;
				PRODUCT_BUNDLE_IDENTIFIER = JohnnyT38.covidAPI;
				PRODUCT_NAME = "$(TARGET_NAME)";
				SWIFT_EMIT_LOC_STRINGS = YES;
				SWIFT_VERSION = 5.0;
				TARGETED_DEVICE_FAMILY = "1,2";
			};
			name = Release;
		};
/* End XCBuildConfiguration section */

/* Begin XCConfigurationList section */
		260F2DBF2755581900766223 /* Build configuration list for PBXProject "covidAPI" */ = {
			isa = XCConfigurationList;
			buildConfigurations = (
				260F2DD62755581A00766223 /* Debug */,
				260F2DD72755581A00766223 /* Release */,
			);
			defaultConfigurationIsVisible = 0;
			defaultConfigurationName = Release;
		};
		260F2DD82755581A00766223 /* Build configuration list for PBXNativeTarget "covidAPI" */ = {
			isa = XCConfigurationList;
			buildConfigurations = (
				260F2DD92755581A00766223 /* Debug */,
				260F2DDA2755581A00766223 /* Release */,
			);
			defaultConfigurationIsVisible = 0;
			defaultConfigurationName = Release;
		};
/* End XCConfigurationList section */
	};
	rootObject = 260F2DBC2755581900766223 /* Project object */;
}
