// !$*UTF8*$!
{
	archiveVersion = 1;
	classes = {
	};
	objectVersion = 55;
	objects = {

/* Begin PBXBuildFile section */
		26EBA3F3274AC332002C0BEA /* AppDelegate.swift in Sources */ = {isa = PBXBuildFile; fileRef = 26EBA3F2274AC332002C0BEA /* AppDelegate.swift */; };
		26EBA3F5274AC332002C0BEA /* SceneDelegate.swift in Sources */ = {isa = PBXBuildFile; fileRef = 26EBA3F4274AC332002C0BEA /* SceneDelegate.swift */; };
		26EBA3F7274AC332002C0BEA /* MainViewController.swift in Sources */ = {isa = PBXBuildFile; fileRef = 26EBA3F6274AC332002C0BEA /* MainViewController.swift */; };
		26EBA3FA274AC332002C0BEA /* Main.storyboard in Resources */ = {isa = PBXBuildFile; fileRef = 26EBA3F8274AC332002C0BEA /* Main.storyboard */; };
		26EBA3FC274AC333002C0BEA /* Assets.xcassets in Resources */ = {isa = PBXBuildFile; fileRef = 26EBA3FB274AC333002C0BEA /* Assets.xcassets */; };
		26EBA3FF274AC333002C0BEA /* LaunchScreen.storyboard in Resources */ = {isa = PBXBuildFile; fileRef = 26EBA3FD274AC333002C0BEA /* LaunchScreen.storyboard */; };
		26EBA40C274ACD6F002C0BEA /* ChallengeViewController.swift in Sources */ = {isa = PBXBuildFile; fileRef = 26EBA40B274ACD6F002C0BEA /* ChallengeViewController.swift */; };
		26EBA40E274ACD88002C0BEA /* MyAccountViewController.swift in Sources */ = {isa = PBXBuildFile; fileRef = 26EBA40D274ACD88002C0BEA /* MyAccountViewController.swift */; };
		26EBA437274D1FB8002C0BEA /* Person.swift in Sources */ = {isa = PBXBuildFile; fileRef = 26EBA436274D1FB8002C0BEA /* Person.swift */; };
/* End PBXBuildFile section */

/* Begin PBXFileReference section */
		26EBA3EF274AC332002C0BEA /* LoginApp.app */ = {isa = PBXFileReference; explicitFileType = wrapper.application; includeInIndex = 0; path = LoginApp.app; sourceTree = BUILT_PRODUCTS_DIR; };
		26EBA3F2274AC332002C0BEA /* AppDelegate.swift */ = {isa = PBXFileReference; lastKnownFileType = sourcecode.swift; path = AppDelegate.swift; sourceTree = "<group>"; };
		26EBA3F4274AC332002C0BEA /* SceneDelegate.swift */ = {isa = PBXFileReference; lastKnownFileType = sourcecode.swift; path = SceneDelegate.swift; sourceTree = "<group>"; };
		26EBA3F6274AC332002C0BEA /* MainViewController.swift */ = {isa = PBXFileReference; lastKnownFileType = sourcecode.swift; path = MainViewController.swift; sourceTree = "<group>"; };
		26EBA3F9274AC332002C0BEA /* Base */ = {isa = PBXFileReference; lastKnownFileType = file.storyboard; name = Base; path = Base.lproj/Main.storyboard; sourceTree = "<group>"; };
		26EBA3FB274AC333002C0BEA /* Assets.xcassets */ = {isa = PBXFileReference; lastKnownFileType = folder.assetcatalog; path = Assets.xcassets; sourceTree = "<group>"; };
		26EBA3FE274AC333002C0BEA /* Base */ = {isa = PBXFileReference; lastKnownFileType = file.storyboard; name = Base; path = Base.lproj/LaunchScreen.storyboard; sourceTree = "<group>"; };
		26EBA400274AC333002C0BEA /* Info.plist */ = {isa = PBXFileReference; lastKnownFileType = text.plist.xml; path = Info.plist; sourceTree = "<group>"; };
		26EBA40B274ACD6F002C0BEA /* ChallengeViewController.swift */ = {isa = PBXFileReference; lastKnownFileType = sourcecode.swift; path = ChallengeViewController.swift; sourceTree = "<group>"; };
		26EBA40D274ACD88002C0BEA /* MyAccountViewController.swift */ = {isa = PBXFileReference; lastKnownFileType = sourcecode.swift; path = MyAccountViewController.swift; sourceTree = "<group>"; };
		26EBA436274D1FB8002C0BEA /* Person.swift */ = {isa = PBXFileReference; lastKnownFileType = sourcecode.swift; path = Person.swift; sourceTree = "<group>"; };
/* End PBXFileReference section */

/* Begin PBXFrameworksBuildPhase section */
		26EBA3EC274AC332002C0BEA /* Frameworks */ = {
			isa = PBXFrameworksBuildPhase;
			buildActionMask = 2147483647;
			files = (
			);
			runOnlyForDeploymentPostprocessing = 0;
		};
/* End PBXFrameworksBuildPhase section */

/* Begin PBXGroup section */
		26EBA3E6274AC332002C0BEA = {
			isa = PBXGroup;
			children = (
				26EBA3F1274AC332002C0BEA /* LoginApp */,
				26EBA3F0274AC332002C0BEA /* Products */,
			);
			sourceTree = "<group>";
		};
		26EBA3F0274AC332002C0BEA /* Products */ = {
			isa = PBXGroup;
			children = (
				26EBA3EF274AC332002C0BEA /* LoginApp.app */,
			);
			name = Products;
			sourceTree = "<group>";
		};
		26EBA3F1274AC332002C0BEA /* LoginApp */ = {
			isa = PBXGroup;
			children = (
				26EBA435274D1F89002C0BEA /* Models */,
				26EBA434274D1F5A002C0BEA /* Resources */,
				26EBA433274D1EE7002C0BEA /* Storyboards */,
				26EBA408274ACCAA002C0BEA /* Supporting Files */,
				26EBA40A274ACD53002C0BEA /* View Controllers */,
			);
			path = LoginApp;
			sourceTree = "<group>";
		};
		26EBA408274ACCAA002C0BEA /* Supporting Files */ = {
			isa = PBXGroup;
			children = (
				26EBA3F2274AC332002C0BEA /* AppDelegate.swift */,
				26EBA3F4274AC332002C0BEA /* SceneDelegate.swift */,
				26EBA400274AC333002C0BEA /* Info.plist */,
			);
			path = "Supporting Files";
			sourceTree = "<group>";
		};
		26EBA40A274ACD53002C0BEA /* View Controllers */ = {
			isa = PBXGroup;
			children = (
				26EBA3F6274AC332002C0BEA /* MainViewController.swift */,
				26EBA40B274ACD6F002C0BEA /* ChallengeViewController.swift */,
				26EBA40D274ACD88002C0BEA /* MyAccountViewController.swift */,
			);
			path = "View Controllers";
			sourceTree = "<group>";
		};
		26EBA433274D1EE7002C0BEA /* Storyboards */ = {
			isa = PBXGroup;
			children = (
				26EBA3F8274AC332002C0BEA /* Main.storyboard */,
				26EBA3FD274AC333002C0BEA /* LaunchScreen.storyboard */,
			);
			path = Storyboards;
			sourceTree = "<group>";
		};
		26EBA434274D1F5A002C0BEA /* Resources */ = {
			isa = PBXGroup;
			children = (
				26EBA3FB274AC333002C0BEA /* Assets.xcassets */,
			);
			path = Resources;
			sourceTree = "<group>";
		};
		26EBA435274D1F89002C0BEA /* Models */ = {
			isa = PBXGroup;
			children = (
				26EBA436274D1FB8002C0BEA /* Person.swift */,
			);
			path = Models;
			sourceTree = "<group>";
		};
/* End PBXGroup section */

/* Begin PBXNativeTarget section */
		26EBA3EE274AC332002C0BEA /* LoginApp */ = {
			isa = PBXNativeTarget;
			buildConfigurationList = 26EBA403274AC333002C0BEA /* Build configuration list for PBXNativeTarget "LoginApp" */;
			buildPhases = (
				26EBA3EB274AC332002C0BEA /* Sources */,
				26EBA3EC274AC332002C0BEA /* Frameworks */,
				26EBA3ED274AC332002C0BEA /* Resources */,
			);
			buildRules = (
			);
			dependencies = (
			);
			name = LoginApp;
			productName = LoginApp;
			productReference = 26EBA3EF274AC332002C0BEA /* LoginApp.app */;
			productType = "com.apple.product-type.application";
		};
/* End PBXNativeTarget section */

/* Begin PBXProject section */
		26EBA3E7274AC332002C0BEA /* Project object */ = {
			isa = PBXProject;
			attributes = {
				BuildIndependentTargetsInParallel = 1;
				LastSwiftUpdateCheck = 1310;
				LastUpgradeCheck = 1310;
				TargetAttributes = {
					26EBA3EE274AC332002C0BEA = {
						CreatedOnToolsVersion = 13.1;
					};
				};
			};
			buildConfigurationList = 26EBA3EA274AC332002C0BEA /* Build configuration list for PBXProject "LoginApp" */;
			compatibilityVersion = "Xcode 13.0";
			developmentRegion = en;
			hasScannedForEncodings = 0;
			knownRegions = (
				en,
				Base,
			);
			mainGroup = 26EBA3E6274AC332002C0BEA;
			productRefGroup = 26EBA3F0274AC332002C0BEA /* Products */;
			projectDirPath = "";
			projectRoot = "";
			targets = (
				26EBA3EE274AC332002C0BEA /* LoginApp */,
			);
		};
/* End PBXProject section */

/* Begin PBXResourcesBuildPhase section */
		26EBA3ED274AC332002C0BEA /* Resources */ = {
			isa = PBXResourcesBuildPhase;
			buildActionMask = 2147483647;
			files = (
				26EBA3FF274AC333002C0BEA /* LaunchScreen.storyboard in Resources */,
				26EBA3FC274AC333002C0BEA /* Assets.xcassets in Resources */,
				26EBA3FA274AC332002C0BEA /* Main.storyboard in Resources */,
			);
			runOnlyForDeploymentPostprocessing = 0;
		};
/* End PBXResourcesBuildPhase section */

/* Begin PBXSourcesBuildPhase section */
		26EBA3EB274AC332002C0BEA /* Sources */ = {
			isa = PBXSourcesBuildPhase;
			buildActionMask = 2147483647;
			files = (
				26EBA40C274ACD6F002C0BEA /* ChallengeViewController.swift in Sources */,
				26EBA3F7274AC332002C0BEA /* MainViewController.swift in Sources */,
				26EBA40E274ACD88002C0BEA /* MyAccountViewController.swift in Sources */,
				26EBA437274D1FB8002C0BEA /* Person.swift in Sources */,
				26EBA3F3274AC332002C0BEA /* AppDelegate.swift in Sources */,
				26EBA3F5274AC332002C0BEA /* SceneDelegate.swift in Sources */,
			);
			runOnlyForDeploymentPostprocessing = 0;
		};
/* End PBXSourcesBuildPhase section */

/* Begin PBXVariantGroup section */
		26EBA3F8274AC332002C0BEA /* Main.storyboard */ = {
			isa = PBXVariantGroup;
			children = (
				26EBA3F9274AC332002C0BEA /* Base */,
			);
			name = Main.storyboard;
			sourceTree = "<group>";
		};
		26EBA3FD274AC333002C0BEA /* LaunchScreen.storyboard */ = {
			isa = PBXVariantGroup;
			children = (
				26EBA3FE274AC333002C0BEA /* Base */,
			);
			name = LaunchScreen.storyboard;
			sourceTree = "<group>";
		};
/* End PBXVariantGroup section */

/* Begin XCBuildConfiguration section */
		26EBA401274AC333002C0BEA /* Debug */ = {
			isa = XCBuildConfiguration;
			buildSettings = {
				ALWAYS_SEARCH_USER_PATHS = NO;
				CLANG_ANALYZER_NONNULL = YES;
				CLANG_ANALYZER_NUMBER_OBJECT_CONVERSION = YES_AGGRESSIVE;
				CLANG_CXX_LANGUAGE_STANDARD = "gnu++17";
				CLANG_CXX_LIBRARY = "libc++";
				CLANG_ENABLE_MODULES = YES;
				CLANG_ENABLE_OBJC_ARC = YES;
				CLANG_ENABLE_OBJC_WEAK = YES;
				CLANG_WARN_BLOCK_CAPTURE_AUTORELEASING = YES;
				CLANG_WARN_BOOL_CONVERSION = YES;
				CLANG_WARN_COMMA = YES;
				CLANG_WARN_CONSTANT_CONVERSION = YES;
				CLANG_WARN_DEPRECATED_OBJC_IMPLEMENTATIONS = YES;
				CLANG_WARN_DIRECT_OBJC_ISA_USAGE = YES_ERROR;
				CLANG_WARN_DOCUMENTATION_COMMENTS = YES;
				CLANG_WARN_EMPTY_BODY = YES;
				CLANG_WARN_ENUM_CONVERSION = YES;
				CLANG_WARN_INFINITE_RECURSION = YES;
				CLANG_WARN_INT_CONVERSION = YES;
				CLANG_WARN_NON_LITERAL_NULL_CONVERSION = YES;
				CLANG_WARN_OBJC_IMPLICIT_RETAIN_SELF = YES;
				CLANG_WARN_OBJC_LITERAL_CONVERSION = YES;
				CLANG_WARN_OBJC_ROOT_CLASS = YES_ERROR;
				CLANG_WARN_QUOTED_INCLUDE_IN_FRAMEWORK_HEADER = YES;
				CLANG_WARN_RANGE_LOOP_ANALYSIS = YES;
				CLANG_WARN_STRICT_PROTOTYPES = YES;
				CLANG_WARN_SUSPICIOUS_MOVE = YES;
				CLANG_WARN_UNGUARDED_AVAILABILITY = YES_AGGRESSIVE;
				CLANG_WARN_UNREACHABLE_CODE = YES;
				CLANG_WARN__DUPLICATE_METHOD_MATCH = YES;
				COPY_PHASE_STRIP = NO;
				DEBUG_INFORMATION_FORMAT = dwarf;
				ENABLE_STRICT_OBJC_MSGSEND = YES;
				ENABLE_TESTABILITY = YES;
				GCC_C_LANGUAGE_STANDARD = gnu11;
				GCC_DYNAMIC_NO_PIC = NO;
				GCC_NO_COMMON_BLOCKS = YES;
				GCC_OPTIMIZATION_LEVEL = 0;
				GCC_PREPROCESSOR_DEFINITIONS = (
					"DEBUG=1",
					"$(inherited)",
				);
				GCC_WARN_64_TO_32_BIT_CONVERSION = YES;
				GCC_WARN_ABOUT_RETURN_TYPE = YES_ERROR;
				GCC_WARN_UNDECLARED_SELECTOR = YES;
				GCC_WARN_UNINITIALIZED_AUTOS = YES_AGGRESSIVE;
				GCC_WARN_UNUSED_FUNCTION = YES;
				GCC_WARN_UNUSED_VARIABLE = YES;
				IPHONEOS_DEPLOYMENT_TARGET = 15.0;
				MTL_ENABLE_DEBUG_INFO = INCLUDE_SOURCE;
				MTL_FAST_MATH = YES;
				ONLY_ACTIVE_ARCH = YES;
				SDKROOT = iphoneos;
				SWIFT_ACTIVE_COMPILATION_CONDITIONS = DEBUG;
				SWIFT_OPTIMIZATION_LEVEL = "-Onone";
			};
			name = Debug;
		};
		26EBA402274AC333002C0BEA /* Release */ = {
			isa = XCBuildConfiguration;
			buildSettings = {
				ALWAYS_SEARCH_USER_PATHS = NO;
				CLANG_ANALYZER_NONNULL = YES;
				CLANG_ANALYZER_NUMBER_OBJECT_CONVERSION = YES_AGGRESSIVE;
				CLANG_CXX_LANGUAGE_STANDARD = "gnu++17";
				CLANG_CXX_LIBRARY = "libc++";
				CLANG_ENABLE_MODULES = YES;
				CLANG_ENABLE_OBJC_ARC = YES;
				CLANG_ENABLE_OBJC_WEAK = YES;
				CLANG_WARN_BLOCK_CAPTURE_AUTORELEASING = YES;
				CLANG_WARN_BOOL_CONVERSION = YES;
				CLANG_WARN_COMMA = YES;
				CLANG_WARN_CONSTANT_CONVERSION = YES;
				CLANG_WARN_DEPRECATED_OBJC_IMPLEMENTATIONS = YES;
				CLANG_WARN_DIRECT_OBJC_ISA_USAGE = YES_ERROR;
				CLANG_WARN_DOCUMENTATION_COMMENTS = YES;
				CLANG_WARN_EMPTY_BODY = YES;
				CLANG_WARN_ENUM_CONVERSION = YES;
				CLANG_WARN_INFINITE_RECURSION = YES;
				CLANG_WARN_INT_CONVERSION = YES;
				CLANG_WARN_NON_LITERAL_NULL_CONVERSION = YES;
				CLANG_WARN_OBJC_IMPLICIT_RETAIN_SELF = YES;
				CLANG_WARN_OBJC_LITERAL_CONVERSION = YES;
				CLANG_WARN_OBJC_ROOT_CLASS = YES_ERROR;
				CLANG_WARN_QUOTED_INCLUDE_IN_FRAMEWORK_HEADER = YES;
				CLANG_WARN_RANGE_LOOP_ANALYSIS = YES;
				CLANG_WARN_STRICT_PROTOTYPES = YES;
				CLANG_WARN_SUSPICIOUS_MOVE = YES;
				CLANG_WARN_UNGUARDED_AVAILABILITY = YES_AGGRESSIVE;
				CLANG_WARN_UNREACHABLE_CODE = YES;
				CLANG_WARN__DUPLICATE_METHOD_MATCH = YES;
				COPY_PHASE_STRIP = NO;
				DEBUG_INFORMATION_FORMAT = "dwarf-with-dsym";
				ENABLE_NS_ASSERTIONS = NO;
				ENABLE_STRICT_OBJC_MSGSEND = YES;
				GCC_C_LANGUAGE_STANDARD = gnu11;
				GCC_NO_COMMON_BLOCKS = YES;
				GCC_WARN_64_TO_32_BIT_CONVERSION = YES;
				GCC_WARN_ABOUT_RETURN_TYPE = YES_ERROR;
				GCC_WARN_UNDECLARED_SELECTOR = YES;
				GCC_WARN_UNINITIALIZED_AUTOS = YES_AGGRESSIVE;
				GCC_WARN_UNUSED_FUNCTION = YES;
				GCC_WARN_UNUSED_VARIABLE = YES;
				IPHONEOS_DEPLOYMENT_TARGET = 15.0;
				MTL_ENABLE_DEBUG_INFO = NO;
				MTL_FAST_MATH = YES;
				SDKROOT = iphoneos;
				SWIFT_COMPILATION_MODE = wholemodule;
				SWIFT_OPTIMIZATION_LEVEL = "-O";
				VALIDATE_PRODUCT = YES;
			};
			name = Release;
		};
		26EBA404274AC333002C0BEA /* Debug */ = {
			isa = XCBuildConfiguration;
			buildSettings = {
				ASSETCATALOG_COMPILER_APPICON_NAME = AppIcon;
				ASSETCATALOG_COMPILER_GLOBAL_ACCENT_COLOR_NAME = AccentColor;
				CODE_SIGN_STYLE = Automatic;
				CURRENT_PROJECT_VERSION = 1;
				DEVELOPMENT_TEAM = JY397TSSA8;
				GENERATE_INFOPLIST_FILE = YES;
				INFOPLIST_FILE = "LoginApp/Supporting Files/Info.plist";
				INFOPLIST_KEY_UIApplicationSupportsIndirectInputEvents = YES;
				INFOPLIST_KEY_UILaunchStoryboardName = LaunchScreen;
				INFOPLIST_KEY_UIMainStoryboardFile = Main;
				INFOPLIST_KEY_UISupportedInterfaceOrientations_iPad = "UIInterfaceOrientationPortrait UIInterfaceOrientationPortraitUpsideDown UIInterfaceOrientationLandscapeLeft UIInterfaceOrientationLandscapeRight";
				INFOPLIST_KEY_UISupportedInterfaceOrientations_iPhone = "UIInterfaceOrientationPortrait UIInterfaceOrientationLandscapeLeft UIInterfaceOrientationLandscapeRight";
				LD_RUNPATH_SEARCH_PATHS = (
					"$(inherited)",
					"@executable_path/Frameworks",
				);
				MARKETING_VERSION = 1.0;
				PRODUCT_BUNDLE_IDENTIFIER = JohnnyT38.LoginApp;
				PRODUCT_NAME = "$(TARGET_NAME)";
				SWIFT_EMIT_LOC_STRINGS = YES;
				SWIFT_VERSION = 5.0;
				TARGETED_DEVICE_FAMILY = "1,2";
			};
			name = Debug;
		};
		26EBA405274AC333002C0BEA /* Release */ = {
			isa = XCBuildConfiguration;
			buildSettings = {
				ASSETCATALOG_COMPILER_APPICON_NAME = AppIcon;
				ASSETCATALOG_COMPILER_GLOBAL_ACCENT_COLOR_NAME = AccentColor;
				CODE_SIGN_STYLE = Automatic;
				CURRENT_PROJECT_VERSION = 1;
				DEVELOPMENT_TEAM = JY397TSSA8;
				GENERATE_INFOPLIST_FILE = YES;
				INFOPLIST_FILE = "LoginApp/Supporting Files/Info.plist";
				INFOPLIST_KEY_UIApplicationSupportsIndirectInputEvents = YES;
				INFOPLIST_KEY_UILaunchStoryboardName = LaunchScreen;
				INFOPLIST_KEY_UIMainStoryboardFile = Main;
				INFOPLIST_KEY_UISupportedInterfaceOrientations_iPad = "UIInterfaceOrientationPortrait UIInterfaceOrientationPortraitUpsideDown UIInterfaceOrientationLandscapeLeft UIInterfaceOrientationLandscapeRight";
				INFOPLIST_KEY_UISupportedInterfaceOrientations_iPhone = "UIInterfaceOrientationPortrait UIInterfaceOrientationLandscapeLeft UIInterfaceOrientationLandscapeRight";
				LD_RUNPATH_SEARCH_PATHS = (
					"$(inherited)",
					"@executable_path/Frameworks",
				);
				MARKETING_VERSION = 1.0;
				PRODUCT_BUNDLE_IDENTIFIER = JohnnyT38.LoginApp;
				PRODUCT_NAME = "$(TARGET_NAME)";
				SWIFT_EMIT_LOC_STRINGS = YES;
				SWIFT_VERSION = 5.0;
				TARGETED_DEVICE_FAMILY = "1,2";
			};
			name = Release;
		};
/* End XCBuildConfiguration section */

/* Begin XCConfigurationList section */
		26EBA3EA274AC332002C0BEA /* Build configuration list for PBXProject "LoginApp" */ = {
			isa = XCConfigurationList;
			buildConfigurations = (
				26EBA401274AC333002C0BEA /* Debug */,
				26EBA402274AC333002C0BEA /* Release */,
			);
			defaultConfigurationIsVisible = 0;
			defaultConfigurationName = Release;
		};
		26EBA403274AC333002C0BEA /* Build configuration list for PBXNativeTarget "LoginApp" */ = {
			isa = XCConfigurationList;
			buildConfigurations = (
				26EBA404274AC333002C0BEA /* Debug */,
				26EBA405274AC333002C0BEA /* Release */,
			);
			defaultConfigurationIsVisible = 0;
			defaultConfigurationName = Release;
		};
/* End XCConfigurationList section */
	};
	rootObject = 26EBA3E7274AC332002C0BEA /* Project object */;
}
